// !$*UTF8*$!
{
	archiveVersion = 1;
	classes = {
	};
	objectVersion = 77;
	objects = {

/* Begin PBXContainerItemProxy section */
		919516DF2D267EF0000B907C /* PBXContainerItemProxy */ = {
			isa = PBXContainerItemProxy;
			containerPortal = 919516BD2D267EEE000B907C /* Project object */;
			proxyType = 1;
			remoteGlobalIDString = 919516C42D267EEE000B907C;
			remoteInfo = "Y-Calendar";
		};
		919516E92D267EF0000B907C /* PBXContainerItemProxy */ = {
			isa = PBXContainerItemProxy;
			containerPortal = 919516BD2D267EEE000B907C /* Project object */;
			proxyType = 1;
			remoteGlobalIDString = 919516C42D267EEE000B907C;
			remoteInfo = "Y-Calendar";
		};
/* End PBXContainerItemProxy section */

/* Begin PBXFileReference section */
		919516C52D267EEE000B907C /* Y-Calendar.app */ = {isa = PBXFileReference; explicitFileType = wrapper.application; includeInIndex = 0; path = "Y-Calendar.app"; sourceTree = BUILT_PRODUCTS_DIR; };
		919516DE2D267EF0000B907C /* Y-CalendarTests.xctest */ = {isa = PBXFileReference; explicitFileType = wrapper.cfbundle; includeInIndex = 0; path = "Y-CalendarTests.xctest"; sourceTree = BUILT_PRODUCTS_DIR; };
		919516E82D267EF0000B907C /* Y-CalendarUITests.xctest */ = {isa = PBXFileReference; explicitFileType = wrapper.cfbundle; includeInIndex = 0; path = "Y-CalendarUITests.xctest"; sourceTree = BUILT_PRODUCTS_DIR; };
/* End PBXFileReference section */

/* Begin PBXFileSystemSynchronizedBuildFileExceptionSet section */
		919516F02D267EF0000B907C /* Exceptions for "Y-Calendar" folder in "Y-Calendar" target */ = {
			isa = PBXFileSystemSynchronizedBuildFileExceptionSet;
			membershipExceptions = (
				Info.plist,
			);
			target = 919516C42D267EEE000B907C /* Y-Calendar */;
		};
/* End PBXFileSystemSynchronizedBuildFileExceptionSet section */

/* Begin PBXFileSystemSynchronizedRootGroup section */
		919516C72D267EEE000B907C /* Y-Calendar */ = {
			isa = PBXFileSystemSynchronizedRootGroup;
			exceptions = (
				919516F02D267EF0000B907C /* Exceptions for "Y-Calendar" folder in "Y-Calendar" target */,
			);
			path = "Y-Calendar";
			sourceTree = "<group>";
		};
		919516E12D267EF0000B907C /* Y-CalendarTests */ = {
			isa = PBXFileSystemSynchronizedRootGroup;
			path = "Y-CalendarTests";
			sourceTree = "<group>";
		};
		919516EB2D267EF0000B907C /* Y-CalendarUITests */ = {
			isa = PBXFileSystemSynchronizedRootGroup;
			path = "Y-CalendarUITests";
			sourceTree = "<group>";
		};
/* End PBXFileSystemSynchronizedRootGroup section */

/* Begin PBXFrameworksBuildPhase section */
		919516C22D267EEE000B907C /* Frameworks */ = {
			isa = PBXFrameworksBuildPhase;
			buildActionMask = 2147483647;
			files = (
			);
			runOnlyForDeploymentPostprocessing = 0;
		};
		919516DB2D267EF0000B907C /* Frameworks */ = {
			isa = PBXFrameworksBuildPhase;
			buildActionMask = 2147483647;
			files = (
			);
			runOnlyForDeploymentPostprocessing = 0;
		};
		919516E52D267EF0000B907C /* Frameworks */ = {
			isa = PBXFrameworksBuildPhase;
			buildActionMask = 2147483647;
			files = (
			);
			runOnlyForDeploymentPostprocessing = 0;
		};
/* End PBXFrameworksBuildPhase section */

/* Begin PBXGroup section */
		919516BC2D267EEE000B907C = {
			isa = PBXGroup;
			children = (
				919516C72D267EEE000B907C /* Y-Calendar */,
				919516E12D267EF0000B907C /* Y-CalendarTests */,
				919516EB2D267EF0000B907C /* Y-CalendarUITests */,
				919516C62D267EEE000B907C /* Products */,
			);
			sourceTree = "<group>";
		};
		919516C62D267EEE000B907C /* Products */ = {
			isa = PBXGroup;
			children = (
				919516C52D267EEE000B907C /* Y-Calendar.app */,
				919516DE2D267EF0000B907C /* Y-CalendarTests.xctest */,
				919516E82D267EF0000B907C /* Y-CalendarUITests.xctest */,
			);
			name = Products;
			sourceTree = "<group>";
		};
/* End PBXGroup section */

/* Begin PBXNativeTarget section */
		919516C42D267EEE000B907C /* Y-Calendar */ = {
			isa = PBXNativeTarget;
			buildConfigurationList = 919516F12D267EF0000B907C /* Build configuration list for PBXNativeTarget "Y-Calendar" */;
			buildPhases = (
				919516C12D267EEE000B907C /* Sources */,
				919516C22D267EEE000B907C /* Frameworks */,
				919516C32D267EEE000B907C /* Resources */,
			);
			buildRules = (
			);
			dependencies = (
			);
			fileSystemSynchronizedGroups = (
				919516C72D267EEE000B907C /* Y-Calendar */,
			);
			name = "Y-Calendar";
			packageProductDependencies = (
			);
			productName = "Y-Calendar";
			productReference = 919516C52D267EEE000B907C /* Y-Calendar.app */;
			productType = "com.apple.product-type.application";
		};
		919516DD2D267EF0000B907C /* Y-CalendarTests */ = {
			isa = PBXNativeTarget;
			buildConfigurationList = 919516F62D267EF0000B907C /* Build configuration list for PBXNativeTarget "Y-CalendarTests" */;
			buildPhases = (
				919516DA2D267EF0000B907C /* Sources */,
				919516DB2D267EF0000B907C /* Frameworks */,
				919516DC2D267EF0000B907C /* Resources */,
			);
			buildRules = (
			);
			dependencies = (
				919516E02D267EF0000B907C /* PBXTargetDependency */,
			);
			fileSystemSynchronizedGroups = (
				919516E12D267EF0000B907C /* Y-CalendarTests */,
			);
			name = "Y-CalendarTests";
			packageProductDependencies = (
			);
			productName = "Y-CalendarTests";
			productReference = 919516DE2D267EF0000B907C /* Y-CalendarTests.xctest */;
			productType = "com.apple.product-type.bundle.unit-test";
		};
		919516E72D267EF0000B907C /* Y-CalendarUITests */ = {
			isa = PBXNativeTarget;
			buildConfigurationList = 919516F92D267EF0000B907C /* Build configuration list for PBXNativeTarget "Y-CalendarUITests" */;
			buildPhases = (
				919516E42D267EF0000B907C /* Sources */,
				919516E52D267EF0000B907C /* Frameworks */,
				919516E62D267EF0000B907C /* Resources */,
			);
			buildRules = (
			);
			dependencies = (
				919516EA2D267EF0000B907C /* PBXTargetDependency */,
			);
			fileSystemSynchronizedGroups = (
				919516EB2D267EF0000B907C /* Y-CalendarUITests */,
			);
			name = "Y-CalendarUITests";
			packageProductDependencies = (
			);
			productName = "Y-CalendarUITests";
			productReference = 919516E82D267EF0000B907C /* Y-CalendarUITests.xctest */;
			productType = "com.apple.product-type.bundle.ui-testing";
		};
/* End PBXNativeTarget section */

/* Begin PBXProject section */
		919516BD2D267EEE000B907C /* Project object */ = {
			isa = PBXProject;
			attributes = {
				BuildIndependentTargetsInParallel = 1;
				LastSwiftUpdateCheck = 1620;
				LastUpgradeCheck = 1620;
				TargetAttributes = {
					919516C42D267EEE000B907C = {
						CreatedOnToolsVersion = 16.2;
					};
					919516DD2D267EF0000B907C = {
						CreatedOnToolsVersion = 16.2;
						TestTargetID = 919516C42D267EEE000B907C;
					};
					919516E72D267EF0000B907C = {
						CreatedOnToolsVersion = 16.2;
						TestTargetID = 919516C42D267EEE000B907C;
					};
				};
			};
			buildConfigurationList = 919516C02D267EEE000B907C /* Build configuration list for PBXProject "Y-Calendar" */;
			developmentRegion = en;
			hasScannedForEncodings = 0;
			knownRegions = (
				en,
				Base,
			);
			mainGroup = 919516BC2D267EEE000B907C;
			minimizedProjectReferenceProxies = 1;
			preferredProjectObjectVersion = 77;
			productRefGroup = 919516C62D267EEE000B907C /* Products */;
			projectDirPath = "";
			projectRoot = "";
			targets = (
				919516C42D267EEE000B907C /* Y-Calendar */,
				919516DD2D267EF0000B907C /* Y-CalendarTests */,
				919516E72D267EF0000B907C /* Y-CalendarUITests */,
			);
		};
/* End PBXProject section */

/* Begin PBXResourcesBuildPhase section */
		919516C32D267EEE000B907C /* Resources */ = {
			isa = PBXResourcesBuildPhase;
			buildActionMask = 2147483647;
			files = (
			);
			runOnlyForDeploymentPostprocessing = 0;
		};
		919516DC2D267EF0000B907C /* Resources */ = {
			isa = PBXResourcesBuildPhase;
			buildActionMask = 2147483647;
			files = (
			);
			runOnlyForDeploymentPostprocessing = 0;
		};
		919516E62D267EF0000B907C /* Resources */ = {
			isa = PBXResourcesBuildPhase;
			buildActionMask = 2147483647;
			files = (
			);
			runOnlyForDeploymentPostprocessing = 0;
		};
/* End PBXResourcesBuildPhase section */

/* Begin PBXSourcesBuildPhase section */
		919516C12D267EEE000B907C /* Sources */ = {
			isa = PBXSourcesBuildPhase;
			buildActionMask = 2147483647;
			files = (
			);
			runOnlyForDeploymentPostprocessing = 0;
		};
		919516DA2D267EF0000B907C /* Sources */ = {
			isa = PBXSourcesBuildPhase;
			buildActionMask = 2147483647;
			files = (
			);
			runOnlyForDeploymentPostprocessing = 0;
		};
		919516E42D267EF0000B907C /* Sources */ = {
			isa = PBXSourcesBuildPhase;
			buildActionMask = 2147483647;
			files = (
			);
			runOnlyForDeploymentPostprocessing = 0;
		};
/* End PBXSourcesBuildPhase section */

/* Begin PBXTargetDependency section */
		919516E02D267EF0000B907C /* PBXTargetDependency */ = {
			isa = PBXTargetDependency;
			target = 919516C42D267EEE000B907C /* Y-Calendar */;
			targetProxy = 919516DF2D267EF0000B907C /* PBXContainerItemProxy */;
		};
		919516EA2D267EF0000B907C /* PBXTargetDependency */ = {
			isa = PBXTargetDependency;
			target = 919516C42D267EEE000B907C /* Y-Calendar */;
			targetProxy = 919516E92D267EF0000B907C /* PBXContainerItemProxy */;
		};
/* End PBXTargetDependency section */

/* Begin XCBuildConfiguration section */
		919516F22D267EF0000B907C /* Debug */ = {
			isa = XCBuildConfiguration;
			buildSettings = {
				ASSETCATALOG_COMPILER_APPICON_NAME = AppIcon;
				ASSETCATALOG_COMPILER_GLOBAL_ACCENT_COLOR_NAME = AccentColor;
				CODE_SIGN_STYLE = Automatic;
				CURRENT_PROJECT_VERSION = 1;
				GENERATE_INFOPLIST_FILE = YES;
				INFOPLIST_FILE = "Y-Calendar/Info.plist";
				INFOPLIST_KEY_UIApplicationSupportsIndirectInputEvents = YES;
				INFOPLIST_KEY_UILaunchStoryboardName = LaunchScreen;
				INFOPLIST_KEY_UIMainStoryboardFile = Main;
				INFOPLIST_KEY_UISupportedInterfaceOrientations_iPad = "UIInterfaceOrientationPortrait UIInterfaceOrientationPortraitUpsideDown UIInterfaceOrientationLandscapeLeft UIInterfaceOrientationLandscapeRight";
				INFOPLIST_KEY_UISupportedInterfaceOrientations_iPhone = "UIInterfaceOrientationPortrait UIInterfaceOrientationLandscapeLeft UIInterfaceOrientationLandscapeRight";
				LD_RUNPATH_SEARCH_PATHS = (
					"$(inherited)",
					"@executable_path/Frameworks",
				);
				MARKETING_VERSION = 1.0;
				PRODUCT_BUNDLE_IDENTIFIER = "Portfolio.Y-Calendar";
				PRODUCT_NAME = "$(TARGET_NAME)";
				SWIFT_EMIT_LOC_STRINGS = YES;
				SWIFT_VERSION = 5.0;
				TARGETED_DEVICE_FAMILY = "1,2";
			};
			name = Debug;
		};
		919516F32D267EF0000B907C /* Release */ = {
			isa = XCBuildConfiguration;
			buildSettings = {
				ASSETCATALOG_COMPILER_APPICON_NAME = AppIcon;
				ASSETCATALOG_COMPILER_GLOBAL_ACCENT_COLOR_NAME = AccentColor;
				CODE_SIGN_STYLE = Automatic;
				CURRENT_PROJECT_VERSION = 1;
				GENERATE_INFOPLIST_FILE = YES;
				INFOPLIST_FILE = "Y-Calendar/Info.plist";
				INFOPLIST_KEY_UIApplicationSupportsIndirectInputEvents = YES;
				INFOPLIST_KEY_UILaunchStoryboardName = LaunchScreen;
				INFOPLIST_KEY_UIMainStoryboardFile = Main;
				INFOPLIST_KEY_UISupportedInterfaceOrientations_iPad = "UIInterfaceOrientationPortrait UIInterfaceOrientationPortraitUpsideDown UIInterfaceOrientationLandscapeLeft UIInterfaceOrientationLandscapeRight";
				INFOPLIST_KEY_UISupportedInterfaceOrientations_iPhone = "UIInterfaceOrientationPortrait UIInterfaceOrientationLandscapeLeft UIInterfaceOrientationLandscapeRight";
				LD_RUNPATH_SEARCH_PATHS = (
					"$(inherited)",
					"@executable_path/Frameworks",
				);
				MARKETING_VERSION = 1.0;
				PRODUCT_BUNDLE_IDENTIFIER = "Portfolio.Y-Calendar";
				PRODUCT_NAME = "$(TARGET_NAME)";
				SWIFT_EMIT_LOC_STRINGS = YES;
				SWIFT_VERSION = 5.0;
				TARGETED_DEVICE_FAMILY = "1,2";
			};
			name = Release;
		};
		919516F42D267EF0000B907C /* Debug */ = {
			isa = XCBuildConfiguration;
			buildSettings = {
				ALWAYS_SEARCH_USER_PATHS = NO;
				ASSETCATALOG_COMPILER_GENERATE_SWIFT_ASSET_SYMBOL_EXTENSIONS = YES;
				CLANG_ANALYZER_NONNULL = YES;
				CLANG_ANALYZER_NUMBER_OBJECT_CONVERSION = YES_AGGRESSIVE;
				CLANG_CXX_LANGUAGE_STANDARD = "gnu++20";
				CLANG_ENABLE_MODULES = YES;
				CLANG_ENABLE_OBJC_ARC = YES;
				CLANG_ENABLE_OBJC_WEAK = YES;
				CLANG_WARN_BLOCK_CAPTURE_AUTORELEASING = YES;
				CLANG_WARN_BOOL_CONVERSION = YES;
				CLANG_WARN_COMMA = YES;
				CLANG_WARN_CONSTANT_CONVERSION = YES;
				CLANG_WARN_DEPRECATED_OBJC_IMPLEMENTATIONS = YES;
				CLANG_WARN_DIRECT_OBJC_ISA_USAGE = YES_ERROR;
				CLANG_WARN_DOCUMENTATION_COMMENTS = YES;
				CLANG_WARN_EMPTY_BODY = YES;
				CLANG_WARN_ENUM_CONVERSION = YES;
				CLANG_WARN_INFINITE_RECURSION = YES;
				CLANG_WARN_INT_CONVERSION = YES;
				CLANG_WARN_NON_LITERAL_NULL_CONVERSION = YES;
				CLANG_WARN_OBJC_IMPLICIT_RETAIN_SELF = YES;
				CLANG_WARN_OBJC_LITERAL_CONVERSION = YES;
				CLANG_WARN_OBJC_ROOT_CLASS = YES_ERROR;
				CLANG_WARN_QUOTED_INCLUDE_IN_FRAMEWORK_HEADER = YES;
				CLANG_WARN_RANGE_LOOP_ANALYSIS = YES;
				CLANG_WARN_STRICT_PROTOTYPES = YES;
				CLANG_WARN_SUSPICIOUS_MOVE = YES;
				CLANG_WARN_UNGUARDED_AVAILABILITY = YES_AGGRESSIVE;
				CLANG_WARN_UNREACHABLE_CODE = YES;
				CLANG_WARN__DUPLICATE_METHOD_MATCH = YES;
				COPY_PHASE_STRIP = NO;
				DEBUG_INFORMATION_FORMAT = dwarf;
				ENABLE_STRICT_OBJC_MSGSEND = YES;
				ENABLE_TESTABILITY = YES;
				ENABLE_USER_SCRIPT_SANDBOXING = YES;
				GCC_C_LANGUAGE_STANDARD = gnu17;
				GCC_DYNAMIC_NO_PIC = NO;
				GCC_NO_COMMON_BLOCKS = YES;
				GCC_OPTIMIZATION_LEVEL = 0;
				GCC_PREPROCESSOR_DEFINITIONS = (
					"DEBUG=1",
					"$(inherited)",
				);
				GCC_WARN_64_TO_32_BIT_CONVERSION = YES;
				GCC_WARN_ABOUT_RETURN_TYPE = YES_ERROR;
				GCC_WARN_UNDECLARED_SELECTOR = YES;
				GCC_WARN_UNINITIALIZED_AUTOS = YES_AGGRESSIVE;
				GCC_WARN_UNUSED_FUNCTION = YES;
				GCC_WARN_UNUSED_VARIABLE = YES;
				IPHONEOS_DEPLOYMENT_TARGET = 18.2;
				LOCALIZATION_PREFERS_STRING_CATALOGS = YES;
				MTL_ENABLE_DEBUG_INFO = INCLUDE_SOURCE;
				MTL_FAST_MATH = YES;
				ONLY_ACTIVE_ARCH = YES;
				SDKROOT = iphoneos;
				SWIFT_ACTIVE_COMPILATION_CONDITIONS = "DEBUG $(inherited)";
				SWIFT_OPTIMIZATION_LEVEL = "-Onone";
			};
			name = Debug;
		};
		919516F52D267EF0000B907C /* Release */ = {
			isa = XCBuildConfiguration;
			buildSettings = {
				ALWAYS_SEARCH_USER_PATHS = NO;
				ASSETCATALOG_COMPILER_GENERATE_SWIFT_ASSET_SYMBOL_EXTENSIONS = YES;
				CLANG_ANALYZER_NONNULL = YES;
				CLANG_ANALYZER_NUMBER_OBJECT_CONVERSION = YES_AGGRESSIVE;
				CLANG_CXX_LANGUAGE_STANDARD = "gnu++20";
				CLANG_ENABLE_MODULES = YES;
				CLANG_ENABLE_OBJC_ARC = YES;
				CLANG_ENABLE_OBJC_WEAK = YES;
				CLANG_WARN_BLOCK_CAPTURE_AUTORELEASING = YES;
				CLANG_WARN_BOOL_CONVERSION = YES;
				CLANG_WARN_COMMA = YES;
				CLANG_WARN_CONSTANT_CONVERSION = YES;
				CLANG_WARN_DEPRECATED_OBJC_IMPLEMENTATIONS = YES;
				CLANG_WARN_DIRECT_OBJC_ISA_USAGE = YES_ERROR;
				CLANG_WARN_DOCUMENTATION_COMMENTS = YES;
				CLANG_WARN_EMPTY_BODY = YES;
				CLANG_WARN_ENUM_CONVERSION = YES;
				CLANG_WARN_INFINITE_RECURSION = YES;
				CLANG_WARN_INT_CONVERSION = YES;
				CLANG_WARN_NON_LITERAL_NULL_CONVERSION = YES;
				CLANG_WARN_OBJC_IMPLICIT_RETAIN_SELF = YES;
				CLANG_WARN_OBJC_LITERAL_CONVERSION = YES;
				CLANG_WARN_OBJC_ROOT_CLASS = YES_ERROR;
				CLANG_WARN_QUOTED_INCLUDE_IN_FRAMEWORK_HEADER = YES;
				CLANG_WARN_RANGE_LOOP_ANALYSIS = YES;
				CLANG_WARN_STRICT_PROTOTYPES = YES;
				CLANG_WARN_SUSPICIOUS_MOVE = YES;
				CLANG_WARN_UNGUARDED_AVAILABILITY = YES_AGGRESSIVE;
				CLANG_WARN_UNREACHABLE_CODE = YES;
				CLANG_WARN__DUPLICATE_METHOD_MATCH = YES;
				COPY_PHASE_STRIP = NO;
				DEBUG_INFORMATION_FORMAT = "dwarf-with-dsym";
				ENABLE_NS_ASSERTIONS = NO;
				ENABLE_STRICT_OBJC_MSGSEND = YES;
				ENABLE_USER_SCRIPT_SANDBOXING = YES;
				GCC_C_LANGUAGE_STANDARD = gnu17;
				GCC_NO_COMMON_BLOCKS = YES;
				GCC_WARN_64_TO_32_BIT_CONVERSION = YES;
				GCC_WARN_ABOUT_RETURN_TYPE = YES_ERROR;
				GCC_WARN_UNDECLARED_SELECTOR = YES;
				GCC_WARN_UNINITIALIZED_AUTOS = YES_AGGRESSIVE;
				GCC_WARN_UNUSED_FUNCTION = YES;
				GCC_WARN_UNUSED_VARIABLE = YES;
				IPHONEOS_DEPLOYMENT_TARGET = 18.2;
				LOCALIZATION_PREFERS_STRING_CATALOGS = YES;
				MTL_ENABLE_DEBUG_INFO = NO;
				MTL_FAST_MATH = YES;
				SDKROOT = iphoneos;
				SWIFT_COMPILATION_MODE = wholemodule;
				VALIDATE_PRODUCT = YES;
			};
			name = Release;
		};
		919516F72D267EF0000B907C /* Debug */ = {
			isa = XCBuildConfiguration;
			buildSettings = {
				BUNDLE_LOADER = "$(TEST_HOST)";
				CODE_SIGN_STYLE = Automatic;
				CURRENT_PROJECT_VERSION = 1;
				GENERATE_INFOPLIST_FILE = YES;
				IPHONEOS_DEPLOYMENT_TARGET = 18.2;
				MARKETING_VERSION = 1.0;
				PRODUCT_BUNDLE_IDENTIFIER = "Portfolio.Y-CalendarTests";
				PRODUCT_NAME = "$(TARGET_NAME)";
				SWIFT_EMIT_LOC_STRINGS = NO;
				SWIFT_VERSION = 5.0;
				TARGETED_DEVICE_FAMILY = "1,2";
				TEST_HOST = "$(BUILT_PRODUCTS_DIR)/Y-Calendar.app/$(BUNDLE_EXECUTABLE_FOLDER_PATH)/Y-Calendar";
			};
			name = Debug;
		};
		919516F82D267EF0000B907C /* Release */ = {
			isa = XCBuildConfiguration;
			buildSettings = {
				BUNDLE_LOADER = "$(TEST_HOST)";
				CODE_SIGN_STYLE = Automatic;
				CURRENT_PROJECT_VERSION = 1;
				GENERATE_INFOPLIST_FILE = YES;
				IPHONEOS_DEPLOYMENT_TARGET = 18.2;
				MARKETING_VERSION = 1.0;
				PRODUCT_BUNDLE_IDENTIFIER = "Portfolio.Y-CalendarTests";
				PRODUCT_NAME = "$(TARGET_NAME)";
				SWIFT_EMIT_LOC_STRINGS = NO;
				SWIFT_VERSION = 5.0;
				TARGETED_DEVICE_FAMILY = "1,2";
				TEST_HOST = "$(BUILT_PRODUCTS_DIR)/Y-Calendar.app/$(BUNDLE_EXECUTABLE_FOLDER_PATH)/Y-Calendar";
			};
			name = Release;
		};
		919516FA2D267EF0000B907C /* Debug */ = {
			isa = XCBuildConfiguration;
			buildSettings = {
				CODE_SIGN_STYLE = Automatic;
				CURRENT_PROJECT_VERSION = 1;
				GENERATE_INFOPLIST_FILE = YES;
				MARKETING_VERSION = 1.0;
				PRODUCT_BUNDLE_IDENTIFIER = "Portfolio.Y-CalendarUITests";
				PRODUCT_NAME = "$(TARGET_NAME)";
				SWIFT_EMIT_LOC_STRINGS = NO;
				SWIFT_VERSION = 5.0;
				TARGETED_DEVICE_FAMILY = "1,2";
				TEST_TARGET_NAME = "Y-Calendar";
			};
			name = Debug;
		};
		919516FB2D267EF0000B907C /* Release */ = {
			isa = XCBuildConfiguration;
			buildSettings = {
				CODE_SIGN_STYLE = Automatic;
				CURRENT_PROJECT_VERSION = 1;
				GENERATE_INFOPLIST_FILE = YES;
				MARKETING_VERSION = 1.0;
				PRODUCT_BUNDLE_IDENTIFIER = "Portfolio.Y-CalendarUITests";
				PRODUCT_NAME = "$(TARGET_NAME)";
				SWIFT_EMIT_LOC_STRINGS = NO;
				SWIFT_VERSION = 5.0;
				TARGETED_DEVICE_FAMILY = "1,2";
				TEST_TARGET_NAME = "Y-Calendar";
			};
			name = Release;
		};
/* End XCBuildConfiguration section */

/* Begin XCConfigurationList section */
		919516C02D267EEE000B907C /* Build configuration list for PBXProject "Y-Calendar" */ = {
			isa = XCConfigurationList;
			buildConfigurations = (
				919516F42D267EF0000B907C /* Debug */,
				919516F52D267EF0000B907C /* Release */,
			);
			defaultConfigurationIsVisible = 0;
			defaultConfigurationName = Release;
		};
		919516F12D267EF0000B907C /* Build configuration list for PBXNativeTarget "Y-Calendar" */ = {
			isa = XCConfigurationList;
			buildConfigurations = (
				919516F22D267EF0000B907C /* Debug */,
				919516F32D267EF0000B907C /* Release */,
			);
			defaultConfigurationIsVisible = 0;
			defaultConfigurationName = Release;
		};
		919516F62D267EF0000B907C /* Build configuration list for PBXNativeTarget "Y-CalendarTests" */ = {
			isa = XCConfigurationList;
			buildConfigurations = (
				919516F72D267EF0000B907C /* Debug */,
				919516F82D267EF0000B907C /* Release */,
			);
			defaultConfigurationIsVisible = 0;
			defaultConfigurationName = Release;
		};
		919516F92D267EF0000B907C /* Build configuration list for PBXNativeTarget "Y-CalendarUITests" */ = {
			isa = XCConfigurationList;
			buildConfigurations = (
				919516FA2D267EF0000B907C /* Debug */,
				919516FB2D267EF0000B907C /* Release */,
			);
			defaultConfigurationIsVisible = 0;
			defaultConfigurationName = Release;
		};
/* End XCConfigurationList section */
	};
	rootObject = 919516BD2D267EEE000B907C /* Project object */;
}
